// !$*UTF8*$!
{
	archiveVersion = 1;
	classes = {
	};
	objectVersion = 56;
	objects = {

/* Begin PBXBuildFile section */
		D2523A472BEB7E0E00DB3A35 /* GameViewController.swift in Sources */ = {isa = PBXBuildFile; fileRef = D2523A462BEB7E0E00DB3A35 /* GameViewController.swift */; };
		D2523A492BEB7E2B00DB3A35 /* GameScene.swift in Sources */ = {isa = PBXBuildFile; fileRef = D2523A482BEB7E2B00DB3A35 /* GameScene.swift */; };
		D2523A4B2BEB8AC000DB3A35 /* NodeType.swift in Sources */ = {isa = PBXBuildFile; fileRef = D2523A4A2BEB8AC000DB3A35 /* NodeType.swift */; };
		D29B6F5C2BD919FD0088F4E5 /* AppDelegate.swift in Sources */ = {isa = PBXBuildFile; fileRef = D29B6F5B2BD919FD0088F4E5 /* AppDelegate.swift */; };
		D29B6F5E2BD919FD0088F4E5 /* SceneDelegate.swift in Sources */ = {isa = PBXBuildFile; fileRef = D29B6F5D2BD919FD0088F4E5 /* SceneDelegate.swift */; };
		D29B6F602BD919FD0088F4E5 /* ViewController.swift in Sources */ = {isa = PBXBuildFile; fileRef = D29B6F5F2BD919FD0088F4E5 /* ViewController.swift */; };
		D29B6F632BD919FD0088F4E5 /* Main.storyboard in Resources */ = {isa = PBXBuildFile; fileRef = D29B6F612BD919FD0088F4E5 /* Main.storyboard */; };
		D29B6F652BD919FF0088F4E5 /* Assets.xcassets in Resources */ = {isa = PBXBuildFile; fileRef = D29B6F642BD919FF0088F4E5 /* Assets.xcassets */; };
		D29B6F682BD919FF0088F4E5 /* LaunchScreen.storyboard in Resources */ = {isa = PBXBuildFile; fileRef = D29B6F662BD919FF0088F4E5 /* LaunchScreen.storyboard */; };
		D2C4B0AC2C1078CD00B9985D /* ImageSegmenter.swift in Sources */ = {isa = PBXBuildFile; fileRef = D2C4B0AB2C1078CD00B9985D /* ImageSegmenter.swift */; };
		D2C4B0AE2C10813000B9985D /* CameraViewController.swift in Sources */ = {isa = PBXBuildFile; fileRef = D2C4B0AD2C10813000B9985D /* CameraViewController.swift */; };
/* End PBXBuildFile section */

/* Begin PBXFileReference section */
		D2523A462BEB7E0E00DB3A35 /* GameViewController.swift */ = {isa = PBXFileReference; lastKnownFileType = sourcecode.swift; path = GameViewController.swift; sourceTree = "<group>"; };
		D2523A482BEB7E2B00DB3A35 /* GameScene.swift */ = {isa = PBXFileReference; lastKnownFileType = sourcecode.swift; path = GameScene.swift; sourceTree = "<group>"; };
		D2523A4A2BEB8AC000DB3A35 /* NodeType.swift */ = {isa = PBXFileReference; lastKnownFileType = sourcecode.swift; path = NodeType.swift; sourceTree = "<group>"; };
		D29B6F582BD919FD0088F4E5 /* ningenpiramiddo.app */ = {isa = PBXFileReference; explicitFileType = wrapper.application; includeInIndex = 0; path = ningenpiramiddo.app; sourceTree = BUILT_PRODUCTS_DIR; };
		D29B6F5B2BD919FD0088F4E5 /* AppDelegate.swift */ = {isa = PBXFileReference; lastKnownFileType = sourcecode.swift; path = AppDelegate.swift; sourceTree = "<group>"; };
		D29B6F5D2BD919FD0088F4E5 /* SceneDelegate.swift */ = {isa = PBXFileReference; lastKnownFileType = sourcecode.swift; path = SceneDelegate.swift; sourceTree = "<group>"; };
		D29B6F5F2BD919FD0088F4E5 /* ViewController.swift */ = {isa = PBXFileReference; lastKnownFileType = sourcecode.swift; path = ViewController.swift; sourceTree = "<group>"; };
		D29B6F622BD919FD0088F4E5 /* Base */ = {isa = PBXFileReference; lastKnownFileType = file.storyboard; name = Base; path = Base.lproj/Main.storyboard; sourceTree = "<group>"; };
		D29B6F642BD919FF0088F4E5 /* Assets.xcassets */ = {isa = PBXFileReference; lastKnownFileType = folder.assetcatalog; path = Assets.xcassets; sourceTree = "<group>"; };
		D29B6F672BD919FF0088F4E5 /* Base */ = {isa = PBXFileReference; lastKnownFileType = file.storyboard; name = Base; path = Base.lproj/LaunchScreen.storyboard; sourceTree = "<group>"; };
		D29B6F692BD919FF0088F4E5 /* Info.plist */ = {isa = PBXFileReference; lastKnownFileType = text.plist.xml; path = Info.plist; sourceTree = "<group>"; };
		D2C4B0AB2C1078CD00B9985D /* ImageSegmenter.swift */ = {isa = PBXFileReference; fileEncoding = 4; lastKnownFileType = sourcecode.swift; path = ImageSegmenter.swift; sourceTree = "<group>"; };
		D2C4B0AD2C10813000B9985D /* CameraViewController.swift */ = {isa = PBXFileReference; fileEncoding = 4; lastKnownFileType = sourcecode.swift; path = CameraViewController.swift; sourceTree = "<group>"; };
/* End PBXFileReference section */

/* Begin PBXFrameworksBuildPhase section */
		D29B6F552BD919FD0088F4E5 /* Frameworks */ = {
			isa = PBXFrameworksBuildPhase;
			buildActionMask = 2147483647;
			files = (
			);
			runOnlyForDeploymentPostprocessing = 0;
		};
/* End PBXFrameworksBuildPhase section */

/* Begin PBXGroup section */
		D29B6F4F2BD919FD0088F4E5 = {
			isa = PBXGroup;
			children = (
				D29B6F5A2BD919FD0088F4E5 /* ningenpiramiddo */,
				D29B6F592BD919FD0088F4E5 /* Products */,
			);
			sourceTree = "<group>";
		};
		D29B6F592BD919FD0088F4E5 /* Products */ = {
			isa = PBXGroup;
			children = (
				D29B6F582BD919FD0088F4E5 /* ningenpiramiddo.app */,
			);
			name = Products;
			sourceTree = "<group>";
		};
		D29B6F5A2BD919FD0088F4E5 /* ningenpiramiddo */ = {
			isa = PBXGroup;
			children = (
				D29B6F5B2BD919FD0088F4E5 /* AppDelegate.swift */,
				D29B6F5D2BD919FD0088F4E5 /* SceneDelegate.swift */,
				D29B6F5F2BD919FD0088F4E5 /* ViewController.swift */,
				D2523A462BEB7E0E00DB3A35 /* GameViewController.swift */,
				D2C4B0AD2C10813000B9985D /* CameraViewController.swift */,
				D2523A482BEB7E2B00DB3A35 /* GameScene.swift */,
				D2523A4A2BEB8AC000DB3A35 /* NodeType.swift */,
				D2C4B0AB2C1078CD00B9985D /* ImageSegmenter.swift */,
				D29B6F612BD919FD0088F4E5 /* Main.storyboard */,
				D29B6F642BD919FF0088F4E5 /* Assets.xcassets */,
				D29B6F662BD919FF0088F4E5 /* LaunchScreen.storyboard */,
				D29B6F692BD919FF0088F4E5 /* Info.plist */,
			);
			path = ningenpiramiddo;
			sourceTree = "<group>";
		};
/* End PBXGroup section */

/* Begin PBXNativeTarget section */
		D29B6F572BD919FD0088F4E5 /* ningenpiramiddo */ = {
			isa = PBXNativeTarget;
			buildConfigurationList = D29B6F6C2BD919FF0088F4E5 /* Build configuration list for PBXNativeTarget "ningenpiramiddo" */;
			buildPhases = (
				D29B6F542BD919FD0088F4E5 /* Sources */,
				D29B6F552BD919FD0088F4E5 /* Frameworks */,
				D29B6F562BD919FD0088F4E5 /* Resources */,
			);
			buildRules = (
			);
			dependencies = (
			);
			name = ningenpiramiddo;
			productName = ningenpiramiddo;
			productReference = D29B6F582BD919FD0088F4E5 /* ningenpiramiddo.app */;
			productType = "com.apple.product-type.application";
		};
/* End PBXNativeTarget section */

/* Begin PBXProject section */
		D29B6F502BD919FD0088F4E5 /* Project object */ = {
			isa = PBXProject;
			attributes = {
				BuildIndependentTargetsInParallel = 1;
				LastSwiftUpdateCheck = 1520;
				LastUpgradeCheck = 1520;
				TargetAttributes = {
					D29B6F572BD919FD0088F4E5 = {
						CreatedOnToolsVersion = 15.2;
					};
				};
			};
			buildConfigurationList = D29B6F532BD919FD0088F4E5 /* Build configuration list for PBXProject "ningenpiramiddo" */;
			compatibilityVersion = "Xcode 14.0";
			developmentRegion = en;
			hasScannedForEncodings = 0;
			knownRegions = (
				en,
				Base,
			);
			mainGroup = D29B6F4F2BD919FD0088F4E5;
			productRefGroup = D29B6F592BD919FD0088F4E5 /* Products */;
			projectDirPath = "";
			projectRoot = "";
			targets = (
				D29B6F572BD919FD0088F4E5 /* ningenpiramiddo */,
			);
		};
/* End PBXProject section */

/* Begin PBXResourcesBuildPhase section */
		D29B6F562BD919FD0088F4E5 /* Resources */ = {
			isa = PBXResourcesBuildPhase;
			buildActionMask = 2147483647;
			files = (
				D29B6F682BD919FF0088F4E5 /* LaunchScreen.storyboard in Resources */,
				D29B6F652BD919FF0088F4E5 /* Assets.xcassets in Resources */,
				D29B6F632BD919FD0088F4E5 /* Main.storyboard in Resources */,
			);
			runOnlyForDeploymentPostprocessing = 0;
		};
/* End PBXResourcesBuildPhase section */

/* Begin PBXSourcesBuildPhase section */
		D29B6F542BD919FD0088F4E5 /* Sources */ = {
			isa = PBXSourcesBuildPhase;
			buildActionMask = 2147483647;
			files = (
				D2523A492BEB7E2B00DB3A35 /* GameScene.swift in Sources */,
				D2523A472BEB7E0E00DB3A35 /* GameViewController.swift in Sources */,
				D29B6F602BD919FD0088F4E5 /* ViewController.swift in Sources */,
				D2523A4B2BEB8AC000DB3A35 /* NodeType.swift in Sources */,
				D2C4B0AC2C1078CD00B9985D /* ImageSegmenter.swift in Sources */,
				D2C4B0AE2C10813000B9985D /* CameraViewController.swift in Sources */,
				D29B6F5C2BD919FD0088F4E5 /* AppDelegate.swift in Sources */,
				D29B6F5E2BD919FD0088F4E5 /* SceneDelegate.swift in Sources */,
			);
			runOnlyForDeploymentPostprocessing = 0;
		};
/* End PBXSourcesBuildPhase section */

/* Begin PBXVariantGroup section */
		D29B6F612BD919FD0088F4E5 /* Main.storyboard */ = {
			isa = PBXVariantGroup;
			children = (
				D29B6F622BD919FD0088F4E5 /* Base */,
			);
			name = Main.storyboard;
			sourceTree = "<group>";
		};
		D29B6F662BD919FF0088F4E5 /* LaunchScreen.storyboard */ = {
			isa = PBXVariantGroup;
			children = (
				D29B6F672BD919FF0088F4E5 /* Base */,
			);
			name = LaunchScreen.storyboard;
			sourceTree = "<group>";
		};
/* End PBXVariantGroup section */

/* Begin XCBuildConfiguration section */
		D29B6F6A2BD919FF0088F4E5 /* Debug */ = {
			isa = XCBuildConfiguration;
			buildSettings = {
				ALWAYS_SEARCH_USER_PATHS = NO;
				ASSETCATALOG_COMPILER_GENERATE_SWIFT_ASSET_SYMBOL_EXTENSIONS = YES;
				CLANG_ANALYZER_NONNULL = YES;
				CLANG_ANALYZER_NUMBER_OBJECT_CONVERSION = YES_AGGRESSIVE;
				CLANG_CXX_LANGUAGE_STANDARD = "gnu++20";
				CLANG_ENABLE_MODULES = YES;
				CLANG_ENABLE_OBJC_ARC = YES;
				CLANG_ENABLE_OBJC_WEAK = YES;
				CLANG_WARN_BLOCK_CAPTURE_AUTORELEASING = YES;
				CLANG_WARN_BOOL_CONVERSION = YES;
				CLANG_WARN_COMMA = YES;
				CLANG_WARN_CONSTANT_CONVERSION = YES;
				CLANG_WARN_DEPRECATED_OBJC_IMPLEMENTATIONS = YES;
				CLANG_WARN_DIRECT_OBJC_ISA_USAGE = YES_ERROR;
				CLANG_WARN_DOCUMENTATION_COMMENTS = YES;
				CLANG_WARN_EMPTY_BODY = YES;
				CLANG_WARN_ENUM_CONVERSION = YES;
				CLANG_WARN_INFINITE_RECURSION = YES;
				CLANG_WARN_INT_CONVERSION = YES;
				CLANG_WARN_NON_LITERAL_NULL_CONVERSION = YES;
				CLANG_WARN_OBJC_IMPLICIT_RETAIN_SELF = YES;
				CLANG_WARN_OBJC_LITERAL_CONVERSION = YES;
				CLANG_WARN_OBJC_ROOT_CLASS = YES_ERROR;
				CLANG_WARN_QUOTED_INCLUDE_IN_FRAMEWORK_HEADER = YES;
				CLANG_WARN_RANGE_LOOP_ANALYSIS = YES;
				CLANG_WARN_STRICT_PROTOTYPES = YES;
				CLANG_WARN_SUSPICIOUS_MOVE = YES;
				CLANG_WARN_UNGUARDED_AVAILABILITY = YES_AGGRESSIVE;
				CLANG_WARN_UNREACHABLE_CODE = YES;
				CLANG_WARN__DUPLICATE_METHOD_MATCH = YES;
				COPY_PHASE_STRIP = NO;
				DEBUG_INFORMATION_FORMAT = dwarf;
				ENABLE_STRICT_OBJC_MSGSEND = YES;
				ENABLE_TESTABILITY = YES;
				ENABLE_USER_SCRIPT_SANDBOXING = YES;
				GCC_C_LANGUAGE_STANDARD = gnu17;
				GCC_DYNAMIC_NO_PIC = NO;
				GCC_NO_COMMON_BLOCKS = YES;
				GCC_OPTIMIZATION_LEVEL = 0;
				GCC_PREPROCESSOR_DEFINITIONS = (
					"DEBUG=1",
					"$(inherited)",
				);
				GCC_WARN_64_TO_32_BIT_CONVERSION = YES;
				GCC_WARN_ABOUT_RETURN_TYPE = YES_ERROR;
				GCC_WARN_UNDECLARED_SELECTOR = YES;
				GCC_WARN_UNINITIALIZED_AUTOS = YES_AGGRESSIVE;
				GCC_WARN_UNUSED_FUNCTION = YES;
				GCC_WARN_UNUSED_VARIABLE = YES;
				IPHONEOS_DEPLOYMENT_TARGET = 17.2;
				LOCALIZATION_PREFERS_STRING_CATALOGS = YES;
				MTL_ENABLE_DEBUG_INFO = INCLUDE_SOURCE;
				MTL_FAST_MATH = YES;
				ONLY_ACTIVE_ARCH = YES;
				SDKROOT = iphoneos;
				SWIFT_ACTIVE_COMPILATION_CONDITIONS = "DEBUG $(inherited)";
				SWIFT_OPTIMIZATION_LEVEL = "-Onone";
			};
			name = Debug;
		};
		D29B6F6B2BD919FF0088F4E5 /* Release */ = {
			isa = XCBuildConfiguration;
			buildSettings = {
				ALWAYS_SEARCH_USER_PATHS = NO;
				ASSETCATALOG_COMPILER_GENERATE_SWIFT_ASSET_SYMBOL_EXTENSIONS = YES;
				CLANG_ANALYZER_NONNULL = YES;
				CLANG_ANALYZER_NUMBER_OBJECT_CONVERSION = YES_AGGRESSIVE;
				CLANG_CXX_LANGUAGE_STANDARD = "gnu++20";
				CLANG_ENABLE_MODULES = YES;
				CLANG_ENABLE_OBJC_ARC = YES;
				CLANG_ENABLE_OBJC_WEAK = YES;
				CLANG_WARN_BLOCK_CAPTURE_AUTORELEASING = YES;
				CLANG_WARN_BOOL_CONVERSION = YES;
				CLANG_WARN_COMMA = YES;
				CLANG_WARN_CONSTANT_CONVERSION = YES;
				CLANG_WARN_DEPRECATED_OBJC_IMPLEMENTATIONS = YES;
				CLANG_WARN_DIRECT_OBJC_ISA_USAGE = YES_ERROR;
				CLANG_WARN_DOCUMENTATION_COMMENTS = YES;
				CLANG_WARN_EMPTY_BODY = YES;
				CLANG_WARN_ENUM_CONVERSION = YES;
				CLANG_WARN_INFINITE_RECURSION = YES;
				CLANG_WARN_INT_CONVERSION = YES;
				CLANG_WARN_NON_LITERAL_NULL_CONVERSION = YES;
				CLANG_WARN_OBJC_IMPLICIT_RETAIN_SELF = YES;
				CLANG_WARN_OBJC_LITERAL_CONVERSION = YES;
				CLANG_WARN_OBJC_ROOT_CLASS = YES_ERROR;
				CLANG_WARN_QUOTED_INCLUDE_IN_FRAMEWORK_HEADER = YES;
				CLANG_WARN_RANGE_LOOP_ANALYSIS = YES;
				CLANG_WARN_STRICT_PROTOTYPES = YES;
				CLANG_WARN_SUSPICIOUS_MOVE = YES;
				CLANG_WARN_UNGUARDED_AVAILABILITY = YES_AGGRESSIVE;
				CLANG_WARN_UNREACHABLE_CODE = YES;
				CLANG_WARN__DUPLICATE_METHOD_MATCH = YES;
				COPY_PHASE_STRIP = NO;
				DEBUG_INFORMATION_FORMAT = "dwarf-with-dsym";
				ENABLE_NS_ASSERTIONS = NO;
				ENABLE_STRICT_OBJC_MSGSEND = YES;
				ENABLE_USER_SCRIPT_SANDBOXING = YES;
				GCC_C_LANGUAGE_STANDARD = gnu17;
				GCC_NO_COMMON_BLOCKS = YES;
				GCC_WARN_64_TO_32_BIT_CONVERSION = YES;
				GCC_WARN_ABOUT_RETURN_TYPE = YES_ERROR;
				GCC_WARN_UNDECLARED_SELECTOR = YES;
				GCC_WARN_UNINITIALIZED_AUTOS = YES_AGGRESSIVE;
				GCC_WARN_UNUSED_FUNCTION = YES;
				GCC_WARN_UNUSED_VARIABLE = YES;
				IPHONEOS_DEPLOYMENT_TARGET = 17.2;
				LOCALIZATION_PREFERS_STRING_CATALOGS = YES;
				MTL_ENABLE_DEBUG_INFO = NO;
				MTL_FAST_MATH = YES;
				SDKROOT = iphoneos;
				SWIFT_COMPILATION_MODE = wholemodule;
				VALIDATE_PRODUCT = YES;
			};
			name = Release;
		};
		D29B6F6D2BD919FF0088F4E5 /* Debug */ = {
			isa = XCBuildConfiguration;
			buildSettings = {
				ASSETCATALOG_COMPILER_APPICON_NAME = AppIcon;
				ASSETCATALOG_COMPILER_GLOBAL_ACCENT_COLOR_NAME = AccentColor;
				CODE_SIGN_STYLE = Automatic;
				CURRENT_PROJECT_VERSION = 1;
				DEVELOPMENT_TEAM = LAJ6J7GY39;
				GENERATE_INFOPLIST_FILE = YES;
				INFOPLIST_FILE = ningenpiramiddo/Info.plist;
				INFOPLIST_KEY_NSCameraUsageDescription = camera;
				INFOPLIST_KEY_UIApplicationSupportsIndirectInputEvents = YES;
				INFOPLIST_KEY_UILaunchStoryboardName = LaunchScreen;
				INFOPLIST_KEY_UIMainStoryboardFile = Main;
				INFOPLIST_KEY_UISupportedInterfaceOrientations_iPad = "UIInterfaceOrientationPortrait UIInterfaceOrientationPortraitUpsideDown UIInterfaceOrientationLandscapeLeft UIInterfaceOrientationLandscapeRight";
				INFOPLIST_KEY_UISupportedInterfaceOrientations_iPhone = "UIInterfaceOrientationPortrait UIInterfaceOrientationLandscapeLeft UIInterfaceOrientationLandscapeRight";
				LD_RUNPATH_SEARCH_PATHS = (
					"$(inherited)",
					"@executable_path/Frameworks",
				);
				MARKETING_VERSION = 1.0;
				PRODUCT_BUNDLE_IDENTIFIER = app.kikuchi.momorin.ningenpiramiddo;
				PRODUCT_NAME = "$(TARGET_NAME)";
				SWIFT_EMIT_LOC_STRINGS = YES;
				SWIFT_VERSION = 5.0;
				TARGETED_DEVICE_FAMILY = "1,2";
			};
			name = Debug;
		};
		D29B6F6E2BD919FF0088F4E5 /* Release */ = {
			isa = XCBuildConfiguration;
			buildSettings = {
				ASSETCATALOG_COMPILER_APPICON_NAME = AppIcon;
				ASSETCATALOG_COMPILER_GLOBAL_ACCENT_COLOR_NAME = AccentColor;
				CODE_SIGN_STYLE = Automatic;
				CURRENT_PROJECT_VERSION = 1;
				DEVELOPMENT_TEAM = LAJ6J7GY39;
				GENERATE_INFOPLIST_FILE = YES;
				INFOPLIST_FILE = ningenpiramiddo/Info.plist;
				INFOPLIST_KEY_NSCameraUsageDescription = camera;
				INFOPLIST_KEY_UIApplicationSupportsIndirectInputEvents = YES;
				INFOPLIST_KEY_UILaunchStoryboardName = LaunchScreen;
				INFOPLIST_KEY_UIMainStoryboardFile = Main;
				INFOPLIST_KEY_UISupportedInterfaceOrientations_iPad = "UIInterfaceOrientationPortrait UIInterfaceOrientationPortraitUpsideDown UIInterfaceOrientationLandscapeLeft UIInterfaceOrientationLandscapeRight";
				INFOPLIST_KEY_UISupportedInterfaceOrientations_iPhone = "UIInterfaceOrientationPortrait UIInterfaceOrientationLandscapeLeft UIInterfaceOrientationLandscapeRight";
				LD_RUNPATH_SEARCH_PATHS = (
					"$(inherited)",
					"@executable_path/Frameworks",
				);
				MARKETING_VERSION = 1.0;
				PRODUCT_BUNDLE_IDENTIFIER = app.kikuchi.momorin.ningenpiramiddo;
				PRODUCT_NAME = "$(TARGET_NAME)";
				SWIFT_EMIT_LOC_STRINGS = YES;
				SWIFT_VERSION = 5.0;
				TARGETED_DEVICE_FAMILY = "1,2";
			};
			name = Release;
		};
/* End XCBuildConfiguration section */

/* Begin XCConfigurationList section */
		D29B6F532BD919FD0088F4E5 /* Build configuration list for PBXProject "ningenpiramiddo" */ = {
			isa = XCConfigurationList;
			buildConfigurations = (
				D29B6F6A2BD919FF0088F4E5 /* Debug */,
				D29B6F6B2BD919FF0088F4E5 /* Release */,
			);
			defaultConfigurationIsVisible = 0;
			defaultConfigurationName = Release;
		};
		D29B6F6C2BD919FF0088F4E5 /* Build configuration list for PBXNativeTarget "ningenpiramiddo" */ = {
			isa = XCConfigurationList;
			buildConfigurations = (
				D29B6F6D2BD919FF0088F4E5 /* Debug */,
				D29B6F6E2BD919FF0088F4E5 /* Release */,
			);
			defaultConfigurationIsVisible = 0;
			defaultConfigurationName = Release;
		};
/* End XCConfigurationList section */
	};
	rootObject = D29B6F502BD919FD0088F4E5 /* Project object */;
}
